
Microsoft Visual Studio Solution File, Format Version 12.00
# Visual Studio Version 16
VisualStudioVersion = 16.0.29613.14
MinimumVisualStudioVersion = 10.0.40219.1
Project("{9A19103F-16F7-4668-BE54-9A1E7A4F7556}") = "HydroModTools", "HydroneerStager\HydroModTools.csproj", "{13A1CA22-02F4-4D01-A61A-5F67E5602B1F}"
EndProject
Project("{9A19103F-16F7-4668-BE54-9A1E7A4F7556}") = "HydroModTools.WinForms", "HydroneerStager.WinForms\HydroModTools.WinForms.csproj", "{47CDC752-1294-4CE6-A70A-3C3F1280C3B1}"
EndProject
Project("{9A19103F-16F7-4668-BE54-9A1E7A4F7556}") = "HydroModTools.DataAccess", "HydroneerStager.DataAccess\HydroModTools.DataAccess.csproj", "{B89AE020-E786-4103-837C-5D9FE101124F}"
EndProject
Project("{9A19103F-16F7-4668-BE54-9A1E7A4F7556}") = "HydroModTools.Contracts", "Hydroneer.Contracts\HydroModTools.Contracts.csproj", "{06DCDB7A-8EEE-4D09-8FC6-9CD67ABAFF0F}"
EndProject
Project("{2150E333-8FDC-42A3-9474-1A3956D46DE8}") = "Solution Items", "Solution Items", "{AF8E0570-00F7-4B8A-8EA4-296ABE8A2F3D}"
	ProjectSection(SolutionItems) = preProject
		Readme.md = Readme.md
	EndProjectSection
EndProject
Project("{FAE04EC0-301F-11D3-BF4B-00C04F79EFBC}") = "HydroModTools.Business", "HydroModTools.Business\HydroModTools.Business.csproj", "{5E608F36-86F5-4686-A424-837800633943}"
EndProject
Project("{FAE04EC0-301F-11D3-BF4B-00C04F79EFBC}") = "HydroModTools.DataAccess.Contracts", "HydroneerStager.DataAccess.Contracts\HydroModTools.DataAccess.Contracts.csproj", "{C140C748-6B51-48A2-9A8D-2F24B66C33B1}"
EndProject
Project("{FAE04EC0-301F-11D3-BF4B-00C04F79EFBC}") = "HydroModTools.Common", "HydroModTools.Common\HydroModTools.Common.csproj", "{987A9F7C-1D0C-4C39-A7D9-E282C497C904}"
EndProject
Global
	GlobalSection(SolutionConfigurationPlatforms) = preSolution
		Debug|Any CPU = Debug|Any CPU
		Release|Any CPU = Release|Any CPU
	EndGlobalSection
	GlobalSection(ProjectConfigurationPlatforms) = postSolution
		{13A1CA22-02F4-4D01-A61A-5F67E5602B1F}.Debug|Any CPU.ActiveCfg = Debug|Any CPU
		{13A1CA22-02F4-4D01-A61A-5F67E5602B1F}.Debug|Any CPU.Build.0 = Debug|Any CPU
		{13A1CA22-02F4-4D01-A61A-5F67E5602B1F}.Release|Any CPU.ActiveCfg = Release|Any CPU
		{13A1CA22-02F4-4D01-A61A-5F67E5602B1F}.Release|Any CPU.Build.0 = Release|Any CPU
		{47CDC752-1294-4CE6-A70A-3C3F1280C3B1}.Debug|Any CPU.ActiveCfg = Debug|Any CPU
		{47CDC752-1294-4CE6-A70A-3C3F1280C3B1}.Debug|Any CPU.Build.0 = Debug|Any CPU
		{47CDC752-1294-4CE6-A70A-3C3F1280C3B1}.Release|Any CPU.ActiveCfg = Release|Any CPU
		{47CDC752-1294-4CE6-A70A-3C3F1280C3B1}.Release|Any CPU.Build.0 = Release|Any CPU
		{B89AE020-E786-4103-837C-5D9FE101124F}.Debug|Any CPU.ActiveCfg = Debug|Any CPU
		{B89AE020-E786-4103-837C-5D9FE101124F}.Debug|Any CPU.Build.0 = Debug|Any CPU
		{B89AE020-E786-4103-837C-5D9FE101124F}.Release|Any CPU.ActiveCfg = Release|Any CPU
		{B89AE020-E786-4103-837C-5D9FE101124F}.Release|Any CPU.Build.0 = Release|Any CPU
		{06DCDB7A-8EEE-4D09-8FC6-9CD67ABAFF0F}.Debug|Any CPU.ActiveCfg = Debug|Any CPU
		{06DCDB7A-8EEE-4D09-8FC6-9CD67ABAFF0F}.Debug|Any CPU.Build.0 = Debug|Any CPU
		{06DCDB7A-8EEE-4D09-8FC6-9CD67ABAFF0F}.Release|Any CPU.ActiveCfg = Release|Any CPU
		{06DCDB7A-8EEE-4D09-8FC6-9CD67ABAFF0F}.Release|Any CPU.Build.0 = Release|Any CPU
		{5E608F36-86F5-4686-A424-837800633943}.Debug|Any CPU.ActiveCfg = Debug|Any CPU
		{5E608F36-86F5-4686-A424-837800633943}.Debug|Any CPU.Build.0 = Debug|Any CPU
		{5E608F36-86F5-4686-A424-837800633943}.Release|Any CPU.ActiveCfg = Release|Any CPU
		{5E608F36-86F5-4686-A424-837800633943}.Release|Any CPU.Build.0 = Release|Any CPU
		{C140C748-6B51-48A2-9A8D-2F24B66C33B1}.Debug|Any CPU.ActiveCfg = Debug|Any CPU
		{C140C748-6B51-48A2-9A8D-2F24B66C33B1}.Debug|Any CPU.Build.0 = Debug|Any CPU
		{C140C748-6B51-48A2-9A8D-2F24B66C33B1}.Release|Any CPU.ActiveCfg = Release|Any CPU
		{C140C748-6B51-48A2-9A8D-2F24B66C33B1}.Release|Any CPU.Build.0 = Release|Any CPU
		{987A9F7C-1D0C-4C39-A7D9-E282C497C904}.Debug|Any CPU.ActiveCfg = Debug|Any CPU
		{987A9F7C-1D0C-4C39-A7D9-E282C497C904}.Debug|Any CPU.Build.0 = Debug|Any CPU
		{987A9F7C-1D0C-4C39-A7D9-E282C497C904}.Release|Any CPU.ActiveCfg = Release|Any CPU
		{987A9F7C-1D0C-4C39-A7D9-E282C497C904}.Release|Any CPU.Build.0 = Release|Any CPU
	EndGlobalSection
	GlobalSection(SolutionProperties) = preSolution
		HideSolutionNode = FALSE
	EndGlobalSection
	GlobalSection(ExtensibilityGlobals) = postSolution
		SolutionGuid = {D5558CBC-A186-4595-AC11-62A0ED7F2222}
	EndGlobalSection
EndGlobal
