
Microsoft Visual Studio Solution File, Format Version 12.00
# Visual Studio Version 16
VisualStudioVersion = 16.0.31205.134
MinimumVisualStudioVersion = 10.0.40219.1
Project("{2150E333-8FDC-42A3-9474-1A3956D46DE8}") = "Solution Items", "Solution Items", "{AF8E0570-00F7-4B8A-8EA4-296ABE8A2F3D}"
	ProjectSection(SolutionItems) = preProject
		.github\workflows\dotnet.yml = .github\workflows\dotnet.yml
		Readme.md = Readme.md
	EndProjectSection
EndProject
Project("{9A19103F-16F7-4668-BE54-9A1E7A4F7556}") = "HydroModTools", "HydroModTools\HydroModTools.csproj", "{13A1CA22-02F4-4D01-A61A-5F67E5602B1F}"
EndProject
Project("{9A19103F-16F7-4668-BE54-9A1E7A4F7556}") = "HydroModTools.DataAccess", "HydroModTools.DataAccess\HydroModTools.DataAccess.csproj", "{B89AE020-E786-4103-837C-5D9FE101124F}"
EndProject
Project("{9A19103F-16F7-4668-BE54-9A1E7A4F7556}") = "HydroModTools.DataAccess.Contracts", "HydroModTools.DataAccess.Contracts\HydroModTools.DataAccess.Contracts.csproj", "{C140C748-6B51-48A2-9A8D-2F24B66C33B1}"
EndProject
Project("{9A19103F-16F7-4668-BE54-9A1E7A4F7556}") = "HydroModTools.Common", "HydroModTools.Common\HydroModTools.Common.csproj", "{987A9F7C-1D0C-4C39-A7D9-E282C497C904}"
EndProject
Project("{9A19103F-16F7-4668-BE54-9A1E7A4F7556}") = "HydroModTools.Contracts", "HydroModTools.Contracts\HydroModTools.Contracts.csproj", "{05C9CF22-A3CD-45DB-87AF-360041490F23}"
EndProject
Project("{930C7802-8A8C-48F9-8165-68863BCCD9DD}") = "HydroModTools.Installer", "HydroModTools.Installer\HydroModTools.Installer.wixproj", "{06C0948F-4253-4BBD-9D39-8FA504036E27}"
EndProject
Project("{9A19103F-16F7-4668-BE54-9A1E7A4F7556}") = "HydroModTools.Client", "HydroModTools.Client\HydroModTools.Client.csproj", "{273B3AA6-E5D9-420C-909D-0BEBA551792F}"
EndProject
Project("{9A19103F-16F7-4668-BE54-9A1E7A4F7556}") = "HydroModTools.Client.WinForms", "HydroModTools.Client.WinForms\HydroModTools.Client.WinForms.csproj", "{9631814E-1992-4D0F-BC2A-5D5BB2C43970}"
EndProject
Project("{9A19103F-16F7-4668-BE54-9A1E7A4F7556}") = "HydroModTools.Client.Wpf", "HydroModTools.Client.Wpf\HydroModTools.Client.Wpf.csproj", "{63C97BBE-27B3-4A39-8193-CDFB7C1796D2}"
EndProject
Global
	GlobalSection(SolutionConfigurationPlatforms) = preSolution
		Debug|Any CPU = Debug|Any CPU
		Debug|x64 = Debug|x64
		Release|Any CPU = Release|Any CPU
		Release|x64 = Release|x64
	EndGlobalSection
	GlobalSection(ProjectConfigurationPlatforms) = postSolution
		{13A1CA22-02F4-4D01-A61A-5F67E5602B1F}.Debug|Any CPU.ActiveCfg = Debug|Any CPU
		{13A1CA22-02F4-4D01-A61A-5F67E5602B1F}.Debug|Any CPU.Build.0 = Debug|Any CPU
		{13A1CA22-02F4-4D01-A61A-5F67E5602B1F}.Debug|x64.ActiveCfg = Debug|Any CPU
		{13A1CA22-02F4-4D01-A61A-5F67E5602B1F}.Debug|x64.Build.0 = Debug|Any CPU
		{13A1CA22-02F4-4D01-A61A-5F67E5602B1F}.Release|Any CPU.ActiveCfg = Release|Any CPU
		{13A1CA22-02F4-4D01-A61A-5F67E5602B1F}.Release|Any CPU.Build.0 = Release|Any CPU
		{13A1CA22-02F4-4D01-A61A-5F67E5602B1F}.Release|x64.ActiveCfg = Release|Any CPU
		{13A1CA22-02F4-4D01-A61A-5F67E5602B1F}.Release|x64.Build.0 = Release|Any CPU
		{B89AE020-E786-4103-837C-5D9FE101124F}.Debug|Any CPU.ActiveCfg = Debug|Any CPU
		{B89AE020-E786-4103-837C-5D9FE101124F}.Debug|Any CPU.Build.0 = Debug|Any CPU
		{B89AE020-E786-4103-837C-5D9FE101124F}.Debug|x64.ActiveCfg = Debug|Any CPU
		{B89AE020-E786-4103-837C-5D9FE101124F}.Debug|x64.Build.0 = Debug|Any CPU
		{B89AE020-E786-4103-837C-5D9FE101124F}.Release|Any CPU.ActiveCfg = Release|Any CPU
		{B89AE020-E786-4103-837C-5D9FE101124F}.Release|Any CPU.Build.0 = Release|Any CPU
		{B89AE020-E786-4103-837C-5D9FE101124F}.Release|x64.ActiveCfg = Release|Any CPU
		{B89AE020-E786-4103-837C-5D9FE101124F}.Release|x64.Build.0 = Release|Any CPU
		{C140C748-6B51-48A2-9A8D-2F24B66C33B1}.Debug|Any CPU.ActiveCfg = Debug|Any CPU
		{C140C748-6B51-48A2-9A8D-2F24B66C33B1}.Debug|Any CPU.Build.0 = Debug|Any CPU
		{C140C748-6B51-48A2-9A8D-2F24B66C33B1}.Debug|x64.ActiveCfg = Debug|Any CPU
		{C140C748-6B51-48A2-9A8D-2F24B66C33B1}.Debug|x64.Build.0 = Debug|Any CPU
		{C140C748-6B51-48A2-9A8D-2F24B66C33B1}.Release|Any CPU.ActiveCfg = Release|Any CPU
		{C140C748-6B51-48A2-9A8D-2F24B66C33B1}.Release|Any CPU.Build.0 = Release|Any CPU
		{C140C748-6B51-48A2-9A8D-2F24B66C33B1}.Release|x64.ActiveCfg = Release|Any CPU
		{C140C748-6B51-48A2-9A8D-2F24B66C33B1}.Release|x64.Build.0 = Release|Any CPU
		{987A9F7C-1D0C-4C39-A7D9-E282C497C904}.Debug|Any CPU.ActiveCfg = Debug|Any CPU
		{987A9F7C-1D0C-4C39-A7D9-E282C497C904}.Debug|Any CPU.Build.0 = Debug|Any CPU
		{987A9F7C-1D0C-4C39-A7D9-E282C497C904}.Debug|x64.ActiveCfg = Debug|Any CPU
		{987A9F7C-1D0C-4C39-A7D9-E282C497C904}.Debug|x64.Build.0 = Debug|Any CPU
		{987A9F7C-1D0C-4C39-A7D9-E282C497C904}.Release|Any CPU.ActiveCfg = Release|Any CPU
		{987A9F7C-1D0C-4C39-A7D9-E282C497C904}.Release|Any CPU.Build.0 = Release|Any CPU
		{987A9F7C-1D0C-4C39-A7D9-E282C497C904}.Release|x64.ActiveCfg = Release|Any CPU
		{987A9F7C-1D0C-4C39-A7D9-E282C497C904}.Release|x64.Build.0 = Release|Any CPU
		{05C9CF22-A3CD-45DB-87AF-360041490F23}.Debug|Any CPU.ActiveCfg = Debug|Any CPU
		{05C9CF22-A3CD-45DB-87AF-360041490F23}.Debug|Any CPU.Build.0 = Debug|Any CPU
		{05C9CF22-A3CD-45DB-87AF-360041490F23}.Debug|x64.ActiveCfg = Debug|Any CPU
		{05C9CF22-A3CD-45DB-87AF-360041490F23}.Debug|x64.Build.0 = Debug|Any CPU
		{05C9CF22-A3CD-45DB-87AF-360041490F23}.Release|Any CPU.ActiveCfg = Release|Any CPU
		{05C9CF22-A3CD-45DB-87AF-360041490F23}.Release|Any CPU.Build.0 = Release|Any CPU
		{05C9CF22-A3CD-45DB-87AF-360041490F23}.Release|x64.ActiveCfg = Release|Any CPU
		{05C9CF22-A3CD-45DB-87AF-360041490F23}.Release|x64.Build.0 = Release|Any CPU
		{06C0948F-4253-4BBD-9D39-8FA504036E27}.Debug|Any CPU.ActiveCfg = Debug|x86
		{06C0948F-4253-4BBD-9D39-8FA504036E27}.Debug|x64.ActiveCfg = Debug|x86
		{06C0948F-4253-4BBD-9D39-8FA504036E27}.Release|Any CPU.ActiveCfg = Release|x86
		{06C0948F-4253-4BBD-9D39-8FA504036E27}.Release|x64.ActiveCfg = Release|x86
		{273B3AA6-E5D9-420C-909D-0BEBA551792F}.Debug|Any CPU.ActiveCfg = Debug|Any CPU
		{273B3AA6-E5D9-420C-909D-0BEBA551792F}.Debug|Any CPU.Build.0 = Debug|Any CPU
		{273B3AA6-E5D9-420C-909D-0BEBA551792F}.Debug|x64.ActiveCfg = Debug|Any CPU
		{273B3AA6-E5D9-420C-909D-0BEBA551792F}.Debug|x64.Build.0 = Debug|Any CPU
		{273B3AA6-E5D9-420C-909D-0BEBA551792F}.Release|Any CPU.ActiveCfg = Release|Any CPU
		{273B3AA6-E5D9-420C-909D-0BEBA551792F}.Release|Any CPU.Build.0 = Release|Any CPU
		{273B3AA6-E5D9-420C-909D-0BEBA551792F}.Release|x64.ActiveCfg = Release|Any CPU
		{273B3AA6-E5D9-420C-909D-0BEBA551792F}.Release|x64.Build.0 = Release|Any CPU
		{9631814E-1992-4D0F-BC2A-5D5BB2C43970}.Debug|Any CPU.ActiveCfg = Debug|Any CPU
		{9631814E-1992-4D0F-BC2A-5D5BB2C43970}.Debug|Any CPU.Build.0 = Debug|Any CPU
		{9631814E-1992-4D0F-BC2A-5D5BB2C43970}.Debug|x64.ActiveCfg = Debug|Any CPU
		{9631814E-1992-4D0F-BC2A-5D5BB2C43970}.Debug|x64.Build.0 = Debug|Any CPU
		{9631814E-1992-4D0F-BC2A-5D5BB2C43970}.Release|Any CPU.ActiveCfg = Release|Any CPU
		{9631814E-1992-4D0F-BC2A-5D5BB2C43970}.Release|Any CPU.Build.0 = Release|Any CPU
		{9631814E-1992-4D0F-BC2A-5D5BB2C43970}.Release|x64.ActiveCfg = Release|Any CPU
		{9631814E-1992-4D0F-BC2A-5D5BB2C43970}.Release|x64.Build.0 = Release|Any CPU
		{63C97BBE-27B3-4A39-8193-CDFB7C1796D2}.Debug|Any CPU.ActiveCfg = Debug|Any CPU
		{63C97BBE-27B3-4A39-8193-CDFB7C1796D2}.Debug|Any CPU.Build.0 = Debug|Any CPU
		{63C97BBE-27B3-4A39-8193-CDFB7C1796D2}.Debug|x64.ActiveCfg = Debug|Any CPU
		{63C97BBE-27B3-4A39-8193-CDFB7C1796D2}.Debug|x64.Build.0 = Debug|Any CPU
		{63C97BBE-27B3-4A39-8193-CDFB7C1796D2}.Release|Any CPU.ActiveCfg = Release|Any CPU
		{63C97BBE-27B3-4A39-8193-CDFB7C1796D2}.Release|Any CPU.Build.0 = Release|Any CPU
		{63C97BBE-27B3-4A39-8193-CDFB7C1796D2}.Release|x64.ActiveCfg = Release|Any CPU
		{63C97BBE-27B3-4A39-8193-CDFB7C1796D2}.Release|x64.Build.0 = Release|Any CPU
	EndGlobalSection
	GlobalSection(SolutionProperties) = preSolution
		HideSolutionNode = FALSE
	EndGlobalSection
	GlobalSection(ExtensibilityGlobals) = postSolution
		SolutionGuid = {D5558CBC-A186-4595-AC11-62A0ED7F2222}
	EndGlobalSection
EndGlobal
